
Microsoft Visual Studio Solution File, Format Version 12.00
# Visual Studio 2013
VisualStudioVersion = 12.0.31101.0
MinimumVisualStudioVersion = 10.0.40219.1
Project("{FAE04EC0-301F-11D3-BF4B-00C04F79EFBC}") = "CData", "CData\CData.csproj", "{7E380AAE-811E-401A-A0E1-E3E572BD5DCC}"
EndProject
Project("{FAE04EC0-301F-11D3-BF4B-00C04F79EFBC}") = "CData.Compiler", "CData.Compiler\CData.Compiler.csproj", "{E39DEFB4-C815-45BF-8DA7-3455A06792A8}"
EndProject
Project("{FAE04EC0-301F-11D3-BF4B-00C04F79EFBC}") = "Test", "Test\Test.csproj", "{2F070609-BB1F-4F33-AA14-4948FCDBFDCF}"
EndProject
Project("{FAE04EC0-301F-11D3-BF4B-00C04F79EFBC}") = "CData.MSBuild", "CData.MSBuild\CData.MSBuild.csproj", "{D1D98F13-6A0D-4A69-A1E4-34994D0FE7E8}"
EndProject
Project("{FAE04EC0-301F-11D3-BF4B-00C04F79EFBC}") = "CData.VisualStudio", "CData.VisualStudio\CData.VisualStudio.csproj", "{9D65E710-0B3C-475B-89AD-FFD59787BC52}"
EndProject
Global
	GlobalSection(SolutionConfigurationPlatforms) = preSolution
		Debug|Any CPU = Debug|Any CPU
		Release|Any CPU = Release|Any CPU
	EndGlobalSection
	GlobalSection(ProjectConfigurationPlatforms) = postSolution
		{7E380AAE-811E-401A-A0E1-E3E572BD5DCC}.Debug|Any CPU.ActiveCfg = Debug|Any CPU
		{7E380AAE-811E-401A-A0E1-E3E572BD5DCC}.Debug|Any CPU.Build.0 = Debug|Any CPU
		{7E380AAE-811E-401A-A0E1-E3E572BD5DCC}.Release|Any CPU.ActiveCfg = Release|Any CPU
		{7E380AAE-811E-401A-A0E1-E3E572BD5DCC}.Release|Any CPU.Build.0 = Release|Any CPU
		{E39DEFB4-C815-45BF-8DA7-3455A06792A8}.Debug|Any CPU.ActiveCfg = Debug|Any CPU
		{E39DEFB4-C815-45BF-8DA7-3455A06792A8}.Debug|Any CPU.Build.0 = Debug|Any CPU
		{E39DEFB4-C815-45BF-8DA7-3455A06792A8}.Release|Any CPU.ActiveCfg = Release|Any CPU
		{E39DEFB4-C815-45BF-8DA7-3455A06792A8}.Release|Any CPU.Build.0 = Release|Any CPU
		{2F070609-BB1F-4F33-AA14-4948FCDBFDCF}.Debug|Any CPU.ActiveCfg = Debug|Any CPU
		{2F070609-BB1F-4F33-AA14-4948FCDBFDCF}.Debug|Any CPU.Build.0 = Debug|Any CPU
		{2F070609-BB1F-4F33-AA14-4948FCDBFDCF}.Release|Any CPU.ActiveCfg = Release|Any CPU
		{2F070609-BB1F-4F33-AA14-4948FCDBFDCF}.Release|Any CPU.Build.0 = Release|Any CPU
		{D1D98F13-6A0D-4A69-A1E4-34994D0FE7E8}.Debug|Any CPU.ActiveCfg = Debug|Any CPU
		{D1D98F13-6A0D-4A69-A1E4-34994D0FE7E8}.Debug|Any CPU.Build.0 = Debug|Any CPU
		{D1D98F13-6A0D-4A69-A1E4-34994D0FE7E8}.Release|Any CPU.ActiveCfg = Release|Any CPU
		{D1D98F13-6A0D-4A69-A1E4-34994D0FE7E8}.Release|Any CPU.Build.0 = Release|Any CPU
		{9D65E710-0B3C-475B-89AD-FFD59787BC52}.Debug|Any CPU.ActiveCfg = Debug|Any CPU
		{9D65E710-0B3C-475B-89AD-FFD59787BC52}.Debug|Any CPU.Build.0 = Debug|Any CPU
		{9D65E710-0B3C-475B-89AD-FFD59787BC52}.Release|Any CPU.ActiveCfg = Release|Any CPU
		{9D65E710-0B3C-475B-89AD-FFD59787BC52}.Release|Any CPU.Build.0 = Release|Any CPU
	EndGlobalSection
	GlobalSection(SolutionProperties) = preSolution
		HideSolutionNode = FALSE
	EndGlobalSection
EndGlobal
